// !$*UTF8*$!
{
	archiveVersion = 1;
	classes = {
	};
	objectVersion = 50;
	objects = {

/* Begin PBXBuildFile section */
		9A6747912698B4D200FE8057 /* CrazySlideApp.swift in Sources */ = {isa = PBXBuildFile; fileRef = 9A6747902698B4D200FE8057 /* CrazySlideApp.swift */; };
		9A6747932698B4D200FE8057 /* ContentView.swift in Sources */ = {isa = PBXBuildFile; fileRef = 9A6747922698B4D200FE8057 /* ContentView.swift */; };
		9A6747952698B4D500FE8057 /* Assets.xcassets in Resources */ = {isa = PBXBuildFile; fileRef = 9A6747942698B4D500FE8057 /* Assets.xcassets */; };
		9A6747982698B4D500FE8057 /* Preview Assets.xcassets in Resources */ = {isa = PBXBuildFile; fileRef = 9A6747972698B4D500FE8057 /* Preview Assets.xcassets */; };
		9A82B7F2269AE70B009B5D6C /* Game.swift in Sources */ = {isa = PBXBuildFile; fileRef = 9A82B7F1269AE70B009B5D6C /* Game.swift */; };
		9A91818D269B663100E3D53A /* CrazySlideTests.swift in Sources */ = {isa = PBXBuildFile; fileRef = 9A91818C269B663100E3D53A /* CrazySlideTests.swift */; };
/* End PBXBuildFile section */

/* Begin PBXContainerItemProxy section */
		9A91818F269B663100E3D53A /* PBXContainerItemProxy */ = {
			isa = PBXContainerItemProxy;
			containerPortal = 9A6747852698B4D200FE8057 /* Project object */;
			proxyType = 1;
			remoteGlobalIDString = 9A67478C2698B4D200FE8057;
			remoteInfo = CrazySlide;
		};
/* End PBXContainerItemProxy section */

/* Begin PBXFileReference section */
		9A67478D2698B4D200FE8057 /* CrazySlide.app */ = {isa = PBXFileReference; explicitFileType = wrapper.application; includeInIndex = 0; path = CrazySlide.app; sourceTree = BUILT_PRODUCTS_DIR; };
		9A6747902698B4D200FE8057 /* CrazySlideApp.swift */ = {isa = PBXFileReference; lastKnownFileType = sourcecode.swift; path = CrazySlideApp.swift; sourceTree = "<group>"; };
		9A6747922698B4D200FE8057 /* ContentView.swift */ = {isa = PBXFileReference; lastKnownFileType = sourcecode.swift; path = ContentView.swift; sourceTree = "<group>"; };
		9A6747942698B4D500FE8057 /* Assets.xcassets */ = {isa = PBXFileReference; lastKnownFileType = folder.assetcatalog; path = Assets.xcassets; sourceTree = "<group>"; };
		9A6747972698B4D500FE8057 /* Preview Assets.xcassets */ = {isa = PBXFileReference; lastKnownFileType = folder.assetcatalog; path = "Preview Assets.xcassets"; sourceTree = "<group>"; };
		9A6747992698B4D500FE8057 /* Info.plist */ = {isa = PBXFileReference; lastKnownFileType = text.plist.xml; path = Info.plist; sourceTree = "<group>"; };
		9A82B7F1269AE70B009B5D6C /* Game.swift */ = {isa = PBXFileReference; lastKnownFileType = sourcecode.swift; path = Game.swift; sourceTree = "<group>"; };
		9A91818A269B663100E3D53A /* CrazySlideTests.xctest */ = {isa = PBXFileReference; explicitFileType = wrapper.cfbundle; includeInIndex = 0; path = CrazySlideTests.xctest; sourceTree = BUILT_PRODUCTS_DIR; };
		9A91818C269B663100E3D53A /* CrazySlideTests.swift */ = {isa = PBXFileReference; lastKnownFileType = sourcecode.swift; path = CrazySlideTests.swift; sourceTree = "<group>"; };
		9A91818E269B663100E3D53A /* Info.plist */ = {isa = PBXFileReference; lastKnownFileType = text.plist.xml; path = Info.plist; sourceTree = "<group>"; };
/* End PBXFileReference section */

/* Begin PBXFrameworksBuildPhase section */
		9A67478A2698B4D200FE8057 /* Frameworks */ = {
			isa = PBXFrameworksBuildPhase;
			buildActionMask = 2147483647;
			files = (
			);
			runOnlyForDeploymentPostprocessing = 0;
		};
		9A918187269B663100E3D53A /* Frameworks */ = {
			isa = PBXFrameworksBuildPhase;
			buildActionMask = 2147483647;
			files = (
			);
			runOnlyForDeploymentPostprocessing = 0;
		};
/* End PBXFrameworksBuildPhase section */

/* Begin PBXGroup section */
		9A6747842698B4D200FE8057 = {
			isa = PBXGroup;
			children = (
				9A67478F2698B4D200FE8057 /* CrazySlide */,
				9A91818B269B663100E3D53A /* CrazySlideTests */,
				9A67478E2698B4D200FE8057 /* Products */,
			);
			sourceTree = "<group>";
		};
		9A67478E2698B4D200FE8057 /* Products */ = {
			isa = PBXGroup;
			children = (
				9A67478D2698B4D200FE8057 /* CrazySlide.app */,
				9A91818A269B663100E3D53A /* CrazySlideTests.xctest */,
			);
			name = Products;
			sourceTree = "<group>";
		};
		9A67478F2698B4D200FE8057 /* CrazySlide */ = {
			isa = PBXGroup;
			children = (
				9A82B7F0269AE628009B5D6C /* App */,
				9A82B7EF269AE61E009B5D6C /* Views */,
				9A82B7EE269AE616009B5D6C /* Models */,
				9A6747962698B4D500FE8057 /* Preview Content */,
			);
			path = CrazySlide;
			sourceTree = "<group>";
		};
		9A6747962698B4D500FE8057 /* Preview Content */ = {
			isa = PBXGroup;
			children = (
				9A6747972698B4D500FE8057 /* Preview Assets.xcassets */,
			);
			path = "Preview Content";
			sourceTree = "<group>";
		};
		9A82B7EE269AE616009B5D6C /* Models */ = {
			isa = PBXGroup;
			children = (
				9A82B7F1269AE70B009B5D6C /* Game.swift */,
			);
			path = Models;
			sourceTree = "<group>";
		};
		9A82B7EF269AE61E009B5D6C /* Views */ = {
			isa = PBXGroup;
			children = (
				9A6747922698B4D200FE8057 /* ContentView.swift */,
			);
			path = Views;
			sourceTree = "<group>";
		};
		9A82B7F0269AE628009B5D6C /* App */ = {
			isa = PBXGroup;
			children = (
				9A6747902698B4D200FE8057 /* CrazySlideApp.swift */,
				9A6747942698B4D500FE8057 /* Assets.xcassets */,
				9A6747992698B4D500FE8057 /* Info.plist */,
			);
			path = App;
			sourceTree = "<group>";
		};
		9A91818B269B663100E3D53A /* CrazySlideTests */ = {
			isa = PBXGroup;
			children = (
				9A91818C269B663100E3D53A /* CrazySlideTests.swift */,
				9A91818E269B663100E3D53A /* Info.plist */,
			);
			path = CrazySlideTests;
			sourceTree = "<group>";
		};
/* End PBXGroup section */

/* Begin PBXNativeTarget section */
		9A67478C2698B4D200FE8057 /* CrazySlide */ = {
			isa = PBXNativeTarget;
			buildConfigurationList = 9A67479C2698B4D500FE8057 /* Build configuration list for PBXNativeTarget "CrazySlide" */;
			buildPhases = (
				9A6747892698B4D200FE8057 /* Sources */,
				9A67478A2698B4D200FE8057 /* Frameworks */,
				9A67478B2698B4D200FE8057 /* Resources */,
			);
			buildRules = (
			);
			dependencies = (
			);
			name = CrazySlide;
			productName = CrazySlide;
			productReference = 9A67478D2698B4D200FE8057 /* CrazySlide.app */;
			productType = "com.apple.product-type.application";
		};
		9A918189269B663100E3D53A /* CrazySlideTests */ = {
			isa = PBXNativeTarget;
			buildConfigurationList = 9A918193269B663100E3D53A /* Build configuration list for PBXNativeTarget "CrazySlideTests" */;
			buildPhases = (
				9A918186269B663100E3D53A /* Sources */,
				9A918187269B663100E3D53A /* Frameworks */,
				9A918188269B663100E3D53A /* Resources */,
			);
			buildRules = (
			);
			dependencies = (
				9A918190269B663100E3D53A /* PBXTargetDependency */,
			);
			name = CrazySlideTests;
			productName = CrazySlideTests;
			productReference = 9A91818A269B663100E3D53A /* CrazySlideTests.xctest */;
			productType = "com.apple.product-type.bundle.unit-test";
		};
/* End PBXNativeTarget section */

/* Begin PBXProject section */
		9A6747852698B4D200FE8057 /* Project object */ = {
			isa = PBXProject;
			attributes = {
				LastSwiftUpdateCheck = 1250;
				LastUpgradeCheck = 1250;
				TargetAttributes = {
					9A67478C2698B4D200FE8057 = {
						CreatedOnToolsVersion = 12.5.1;
					};
					9A918189269B663100E3D53A = {
						CreatedOnToolsVersion = 12.5.1;
						TestTargetID = 9A67478C2698B4D200FE8057;
					};
				};
			};
			buildConfigurationList = 9A6747882698B4D200FE8057 /* Build configuration list for PBXProject "CrazySlide" */;
			compatibilityVersion = "Xcode 9.3";
			developmentRegion = en;
			hasScannedForEncodings = 0;
			knownRegions = (
				en,
				Base,
			);
			mainGroup = 9A6747842698B4D200FE8057;
			productRefGroup = 9A67478E2698B4D200FE8057 /* Products */;
			projectDirPath = "";
			projectRoot = "";
			targets = (
				9A67478C2698B4D200FE8057 /* CrazySlide */,
				9A918189269B663100E3D53A /* CrazySlideTests */,
			);
		};
/* End PBXProject section */

/* Begin PBXResourcesBuildPhase section */
		9A67478B2698B4D200FE8057 /* Resources */ = {
			isa = PBXResourcesBuildPhase;
			buildActionMask = 2147483647;
			files = (
				9A6747982698B4D500FE8057 /* Preview Assets.xcassets in Resources */,
				9A6747952698B4D500FE8057 /* Assets.xcassets in Resources */,
			);
			runOnlyForDeploymentPostprocessing = 0;
		};
		9A918188269B663100E3D53A /* Resources */ = {
			isa = PBXResourcesBuildPhase;
			buildActionMask = 2147483647;
			files = (
			);
			runOnlyForDeploymentPostprocessing = 0;
		};
/* End PBXResourcesBuildPhase section */

/* Begin PBXSourcesBuildPhase section */
		9A6747892698B4D200FE8057 /* Sources */ = {
			isa = PBXSourcesBuildPhase;
			buildActionMask = 2147483647;
			files = (
				9A82B7F2269AE70B009B5D6C /* Game.swift in Sources */,
				9A6747932698B4D200FE8057 /* ContentView.swift in Sources */,
				9A6747912698B4D200FE8057 /* CrazySlideApp.swift in Sources */,
			);
			runOnlyForDeploymentPostprocessing = 0;
		};
		9A918186269B663100E3D53A /* Sources */ = {
			isa = PBXSourcesBuildPhase;
			buildActionMask = 2147483647;
			files = (
				9A91818D269B663100E3D53A /* CrazySlideTests.swift in Sources */,
			);
			runOnlyForDeploymentPostprocessing = 0;
		};
/* End PBXSourcesBuildPhase section */

/* Begin PBXTargetDependency section */
		9A918190269B663100E3D53A /* PBXTargetDependency */ = {
			isa = PBXTargetDependency;
			target = 9A67478C2698B4D200FE8057 /* CrazySlide */;
			targetProxy = 9A91818F269B663100E3D53A /* PBXContainerItemProxy */;
		};
/* End PBXTargetDependency section */

/* Begin XCBuildConfiguration section */
		9A67479A2698B4D500FE8057 /* Debug */ = {
			isa = XCBuildConfiguration;
			buildSettings = {
				ALWAYS_SEARCH_USER_PATHS = NO;
				CLANG_ANALYZER_NONNULL = YES;
				CLANG_ANALYZER_NUMBER_OBJECT_CONVERSION = YES_AGGRESSIVE;
				CLANG_CXX_LANGUAGE_STANDARD = "gnu++14";
				CLANG_CXX_LIBRARY = "libc++";
				CLANG_ENABLE_MODULES = YES;
				CLANG_ENABLE_OBJC_ARC = YES;
				CLANG_ENABLE_OBJC_WEAK = YES;
				CLANG_WARN_BLOCK_CAPTURE_AUTORELEASING = YES;
				CLANG_WARN_BOOL_CONVERSION = YES;
				CLANG_WARN_COMMA = YES;
				CLANG_WARN_CONSTANT_CONVERSION = YES;
				CLANG_WARN_DEPRECATED_OBJC_IMPLEMENTATIONS = YES;
				CLANG_WARN_DIRECT_OBJC_ISA_USAGE = YES_ERROR;
				CLANG_WARN_DOCUMENTATION_COMMENTS = YES;
				CLANG_WARN_EMPTY_BODY = YES;
				CLANG_WARN_ENUM_CONVERSION = YES;
				CLANG_WARN_INFINITE_RECURSION = YES;
				CLANG_WARN_INT_CONVERSION = YES;
				CLANG_WARN_NON_LITERAL_NULL_CONVERSION = YES;
				CLANG_WARN_OBJC_IMPLICIT_RETAIN_SELF = YES;
				CLANG_WARN_OBJC_LITERAL_CONVERSION = YES;
				CLANG_WARN_OBJC_ROOT_CLASS = YES_ERROR;
				CLANG_WARN_QUOTED_INCLUDE_IN_FRAMEWORK_HEADER = YES;
				CLANG_WARN_RANGE_LOOP_ANALYSIS = YES;
				CLANG_WARN_STRICT_PROTOTYPES = YES;
				CLANG_WARN_SUSPICIOUS_MOVE = YES;
				CLANG_WARN_UNGUARDED_AVAILABILITY = YES_AGGRESSIVE;
				CLANG_WARN_UNREACHABLE_CODE = YES;
				CLANG_WARN__DUPLICATE_METHOD_MATCH = YES;
				COPY_PHASE_STRIP = NO;
				DEBUG_INFORMATION_FORMAT = dwarf;
				ENABLE_STRICT_OBJC_MSGSEND = YES;
				ENABLE_TESTABILITY = YES;
				GCC_C_LANGUAGE_STANDARD = gnu11;
				GCC_DYNAMIC_NO_PIC = NO;
				GCC_NO_COMMON_BLOCKS = YES;
				GCC_OPTIMIZATION_LEVEL = 0;
				GCC_PREPROCESSOR_DEFINITIONS = (
					"DEBUG=1",
					"$(inherited)",
				);
				GCC_WARN_64_TO_32_BIT_CONVERSION = YES;
				GCC_WARN_ABOUT_RETURN_TYPE = YES_ERROR;
				GCC_WARN_UNDECLARED_SELECTOR = YES;
				GCC_WARN_UNINITIALIZED_AUTOS = YES_AGGRESSIVE;
				GCC_WARN_UNUSED_FUNCTION = YES;
				GCC_WARN_UNUSED_VARIABLE = YES;
				IPHONEOS_DEPLOYMENT_TARGET = 14.5;
				MTL_ENABLE_DEBUG_INFO = INCLUDE_SOURCE;
				MTL_FAST_MATH = YES;
				ONLY_ACTIVE_ARCH = YES;
				SDKROOT = iphoneos;
				SWIFT_ACTIVE_COMPILATION_CONDITIONS = DEBUG;
				SWIFT_OPTIMIZATION_LEVEL = "-Onone";
			};
			name = Debug;
		};
		9A67479B2698B4D500FE8057 /* Release */ = {
			isa = XCBuildConfiguration;
			buildSettings = {
				ALWAYS_SEARCH_USER_PATHS = NO;
				CLANG_ANALYZER_NONNULL = YES;
				CLANG_ANALYZER_NUMBER_OBJECT_CONVERSION = YES_AGGRESSIVE;
				CLANG_CXX_LANGUAGE_STANDARD = "gnu++14";
				CLANG_CXX_LIBRARY = "libc++";
				CLANG_ENABLE_MODULES = YES;
				CLANG_ENABLE_OBJC_ARC = YES;
				CLANG_ENABLE_OBJC_WEAK = YES;
				CLANG_WARN_BLOCK_CAPTURE_AUTORELEASING = YES;
				CLANG_WARN_BOOL_CONVERSION = YES;
				CLANG_WARN_COMMA = YES;
				CLANG_WARN_CONSTANT_CONVERSION = YES;
				CLANG_WARN_DEPRECATED_OBJC_IMPLEMENTATIONS = YES;
				CLANG_WARN_DIRECT_OBJC_ISA_USAGE = YES_ERROR;
				CLANG_WARN_DOCUMENTATION_COMMENTS = YES;
				CLANG_WARN_EMPTY_BODY = YES;
				CLANG_WARN_ENUM_CONVERSION = YES;
				CLANG_WARN_INFINITE_RECURSION = YES;
				CLANG_WARN_INT_CONVERSION = YES;
				CLANG_WARN_NON_LITERAL_NULL_CONVERSION = YES;
				CLANG_WARN_OBJC_IMPLICIT_RETAIN_SELF = YES;
				CLANG_WARN_OBJC_LITERAL_CONVERSION = YES;
				CLANG_WARN_OBJC_ROOT_CLASS = YES_ERROR;
				CLANG_WARN_QUOTED_INCLUDE_IN_FRAMEWORK_HEADER = YES;
				CLANG_WARN_RANGE_LOOP_ANALYSIS = YES;
				CLANG_WARN_STRICT_PROTOTYPES = YES;
				CLANG_WARN_SUSPICIOUS_MOVE = YES;
				CLANG_WARN_UNGUARDED_AVAILABILITY = YES_AGGRESSIVE;
				CLANG_WARN_UNREACHABLE_CODE = YES;
				CLANG_WARN__DUPLICATE_METHOD_MATCH = YES;
				COPY_PHASE_STRIP = NO;
				DEBUG_INFORMATION_FORMAT = "dwarf-with-dsym";
				ENABLE_NS_ASSERTIONS = NO;
				ENABLE_STRICT_OBJC_MSGSEND = YES;
				GCC_C_LANGUAGE_STANDARD = gnu11;
				GCC_NO_COMMON_BLOCKS = YES;
				GCC_WARN_64_TO_32_BIT_CONVERSION = YES;
				GCC_WARN_ABOUT_RETURN_TYPE = YES_ERROR;
				GCC_WARN_UNDECLARED_SELECTOR = YES;
				GCC_WARN_UNINITIALIZED_AUTOS = YES_AGGRESSIVE;
				GCC_WARN_UNUSED_FUNCTION = YES;
				GCC_WARN_UNUSED_VARIABLE = YES;
				IPHONEOS_DEPLOYMENT_TARGET = 14.5;
				MTL_ENABLE_DEBUG_INFO = NO;
				MTL_FAST_MATH = YES;
				SDKROOT = iphoneos;
				SWIFT_COMPILATION_MODE = wholemodule;
				SWIFT_OPTIMIZATION_LEVEL = "-O";
				VALIDATE_PRODUCT = YES;
			};
			name = Release;
		};
		9A67479D2698B4D500FE8057 /* Debug */ = {
			isa = XCBuildConfiguration;
			buildSettings = {
				ASSETCATALOG_COMPILER_APPICON_NAME = AppIcon;
				ASSETCATALOG_COMPILER_GLOBAL_ACCENT_COLOR_NAME = AccentColor;
				CODE_SIGN_STYLE = Automatic;
				DEVELOPMENT_ASSET_PATHS = "\"CrazySlide/Preview Content\"";
				DEVELOPMENT_TEAM = SZ3552D2LU;
				ENABLE_PREVIEWS = YES;
				INFOPLIST_FILE = CrazySlide/App/Info.plist;
				IPHONEOS_DEPLOYMENT_TARGET = 14.0;
				LD_RUNPATH_SEARCH_PATHS = (
					"$(inherited)",
					"@executable_path/Frameworks",
				);
				PRODUCT_BUNDLE_IDENTIFIER = mytest.CrazySlide;
				PRODUCT_NAME = "$(TARGET_NAME)";
				SWIFT_VERSION = 5.0;
				TARGETED_DEVICE_FAMILY = "1,2";
			};
			name = Debug;
		};
		9A67479E2698B4D500FE8057 /* Release */ = {
			isa = XCBuildConfiguration;
			buildSettings = {
				ASSETCATALOG_COMPILER_APPICON_NAME = AppIcon;
				ASSETCATALOG_COMPILER_GLOBAL_ACCENT_COLOR_NAME = AccentColor;
				CODE_SIGN_STYLE = Automatic;
				DEVELOPMENT_ASSET_PATHS = "\"CrazySlide/Preview Content\"";
				DEVELOPMENT_TEAM = SZ3552D2LU;
				ENABLE_PREVIEWS = YES;
				INFOPLIST_FILE = CrazySlide/App/Info.plist;
				IPHONEOS_DEPLOYMENT_TARGET = 14.0;
				LD_RUNPATH_SEARCH_PATHS = (
					"$(inherited)",
					"@executable_path/Frameworks",
				);
				PRODUCT_BUNDLE_IDENTIFIER = mytest.CrazySlide;
				PRODUCT_NAME = "$(TARGET_NAME)";
				SWIFT_VERSION = 5.0;
				TARGETED_DEVICE_FAMILY = "1,2";
			};
			name = Release;
		};
		9A918191269B663100E3D53A /* Debug */ = {
			isa = XCBuildConfiguration;
			buildSettings = {
				BUNDLE_LOADER = "$(TEST_HOST)";
				CODE_SIGN_STYLE = Automatic;
				DEVELOPMENT_TEAM = SZ3552D2LU;
				INFOPLIST_FILE = CrazySlideTests/Info.plist;
				LD_RUNPATH_SEARCH_PATHS = (
					"$(inherited)",
					"@executable_path/Frameworks",
					"@loader_path/Frameworks",
				);
				PRODUCT_BUNDLE_IDENTIFIER = mytest.CrazySlideTests;
				PRODUCT_NAME = "$(TARGET_NAME)";
				SWIFT_VERSION = 5.0;
				TARGETED_DEVICE_FAMILY = "1,2";
				TEST_HOST = "$(BUILT_PRODUCTS_DIR)/CrazySlide.app/CrazySlide";
			};
			name = Debug;
		};
		9A918192269B663100E3D53A /* Release */ = {
			isa = XCBuildConfiguration;
			buildSettings = {
				BUNDLE_LOADER = "$(TEST_HOST)";
				CODE_SIGN_STYLE = Automatic;
				DEVELOPMENT_TEAM = SZ3552D2LU;
				INFOPLIST_FILE = CrazySlideTests/Info.plist;
				LD_RUNPATH_SEARCH_PATHS = (
					"$(inherited)",
					"@executable_path/Frameworks",
					"@loader_path/Frameworks",
				);
				PRODUCT_BUNDLE_IDENTIFIER = mytest.CrazySlideTests;
				PRODUCT_NAME = "$(TARGET_NAME)";
				SWIFT_VERSION = 5.0;
				TARGETED_DEVICE_FAMILY = "1,2";
				TEST_HOST = "$(BUILT_PRODUCTS_DIR)/CrazySlide.app/CrazySlide";
			};
			name = Release;
		};
/* End XCBuildConfiguration section */

/* Begin XCConfigurationList section */
		9A6747882698B4D200FE8057 /* Build configuration list for PBXProject "CrazySlide" */ = {
			isa = XCConfigurationList;
			buildConfigurations = (
				9A67479A2698B4D500FE8057 /* Debug */,
				9A67479B2698B4D500FE8057 /* Release */,
			);
			defaultConfigurationIsVisible = 0;
			defaultConfigurationName = Release;
		};
		9A67479C2698B4D500FE8057 /* Build configuration list for PBXNativeTarget "CrazySlide" */ = {
			isa = XCConfigurationList;
			buildConfigurations = (
				9A67479D2698B4D500FE8057 /* Debug */,
				9A67479E2698B4D500FE8057 /* Release */,
			);
			defaultConfigurationIsVisible = 0;
			defaultConfigurationName = Release;
		};
		9A918193269B663100E3D53A /* Build configuration list for PBXNativeTarget "CrazySlideTests" */ = {
			isa = XCConfigurationList;
			buildConfigurations = (
				9A918191269B663100E3D53A /* Debug */,
				9A918192269B663100E3D53A /* Release */,
			);
			defaultConfigurationIsVisible = 0;
			defaultConfigurationName = Release;
		};
/* End XCConfigurationList section */
	};
	rootObject = 9A6747852698B4D200FE8057 /* Project object */;
}
